
Microsoft Visual Studio Solution File, Format Version 12.00
# Visual Studio Version 16
VisualStudioVersion = 16.0.30517.126
MinimumVisualStudioVersion = 10.0.40219.1
Project("{FAE04EC0-301F-11D3-BF4B-00C04F79EFBC}") = "Iteration3", "Iteration3\Iteration3.csproj", "{DA179B3C-6927-4F2A-97C5-BE8D4D85DFE3}"
EndProject
Global
	GlobalSection(SolutionConfigurationPlatforms) = preSolution
		Debug|Any CPU = Debug|Any CPU
		Release|Any CPU = Release|Any CPU
	EndGlobalSection
	GlobalSection(ProjectConfigurationPlatforms) = postSolution
		{DA179B3C-6927-4F2A-97C5-BE8D4D85DFE3}.Debug|Any CPU.ActiveCfg = Debug|Any CPU
		{DA179B3C-6927-4F2A-97C5-BE8D4D85DFE3}.Debug|Any CPU.Build.0 = Debug|Any CPU
		{DA179B3C-6927-4F2A-97C5-BE8D4D85DFE3}.Release|Any CPU.ActiveCfg = Release|Any CPU
		{DA179B3C-6927-4F2A-97C5-BE8D4D85DFE3}.Release|Any CPU.Build.0 = Release|Any CPU
	EndGlobalSection
	GlobalSection(SolutionProperties) = preSolution
		HideSolutionNode = FALSE
	EndGlobalSection
	GlobalSection(ExtensibilityGlobals) = postSolution
		SolutionGuid = {AB47BBDC-EF89-4CB1-8FED-3671514FAB7F}
	EndGlobalSection
EndGlobal
